
Microsoft Visual Studio Solution File, Format Version 12.00
# Visual Studio 15
Project("{FAE04EC0-301F-11D3-BF4B-00C04F79EFBC}") = "Assembly-CSharp-Editor", "Assembly-CSharp-Editor.csproj", "{D638EEE9-739A-BC80-4996-FB278674795A}"
EndProject
Project("{FAE04EC0-301F-11D3-BF4B-00C04F79EFBC}") = "Assembly-CSharp", "Assembly-CSharp.csproj", "{57A4E2C4-D1FC-BBA3-7561-B1D9D5C8F1C3}"
EndProject
Global
	GlobalSection(SolutionConfigurationPlatforms) = preSolution
		Debug|Any CPU = Debug|Any CPU
		Release|Any CPU = Release|Any CPU
	EndGlobalSection
	GlobalSection(ProjectConfigurationPlatforms) = postSolution
		{D638EEE9-739A-BC80-4996-FB278674795A}.Debug|Any CPU.ActiveCfg = Debug|Any CPU
		{D638EEE9-739A-BC80-4996-FB278674795A}.Debug|Any CPU.Build.0 = Debug|Any CPU
		{D638EEE9-739A-BC80-4996-FB278674795A}.Release|Any CPU.ActiveCfg = Release|Any CPU
		{D638EEE9-739A-BC80-4996-FB278674795A}.Release|Any CPU.Build.0 = Release|Any CPU
		{57A4E2C4-D1FC-BBA3-7561-B1D9D5C8F1C3}.Debug|Any CPU.ActiveCfg = Debug|Any CPU
		{57A4E2C4-D1FC-BBA3-7561-B1D9D5C8F1C3}.Debug|Any CPU.Build.0 = Debug|Any CPU
		{57A4E2C4-D1FC-BBA3-7561-B1D9D5C8F1C3}.Release|Any CPU.ActiveCfg = Release|Any CPU
		{57A4E2C4-D1FC-BBA3-7561-B1D9D5C8F1C3}.Release|Any CPU.Build.0 = Release|Any CPU
	EndGlobalSection
	GlobalSection(SolutionProperties) = preSolution
		HideSolutionNode = FALSE
	EndGlobalSection
EndGlobal
